
Microsoft Visual Studio Solution File, Format Version 12.00
# Visual Studio Version 17
VisualStudioVersion = 17.0.31903.59
MinimumVisualStudioVersion = 10.0.40219.1
Project("{2150E333-8FDC-42A3-9474-1A3956D46DE8}") = "src", "src", "{48B250E3-DFDB-4282-A543-F96E7C097AA5}"
EndProject
Project("{2150E333-8FDC-42A3-9474-1A3956D46DE8}") = "Modules", "Modules", "{02004DC8-033F-4A5A-B108-11297D5F10EF}"
EndProject
Project("{2150E333-8FDC-42A3-9474-1A3956D46DE8}") = "Triage", "Triage", "{D89C7AA6-142E-40C3-A4DD-2BFA5A842CA2}"
EndProject
Project("{FAE04EC0-301F-11D3-BF4B-00C04F79EFBC}") = "Triage.Contracts", "src\Modules\Triage\Triage.Contracts\Triage.Contracts.csproj", "{54D58C7D-8B4A-42E1-9783-2389C8EA7B34}"
EndProject
Project("{FAE04EC0-301F-11D3-BF4B-00C04F79EFBC}") = "Triage.Infrastructure", "src\Modules\Triage\Triage.Infrastructure\Triage.Infrastructure.csproj", "{662355E0-65A6-42B8-BFAD-5A45104A0998}"
EndProject
Project("{FAE04EC0-301F-11D3-BF4B-00C04F79EFBC}") = "Triage.Application", "src\Modules\Triage\Triage.Application\Triage.Application.csproj", "{844AE2B4-EC14-46CF-A1A9-79C2B4A87F38}"
EndProject
Project("{FAE04EC0-301F-11D3-BF4B-00C04F79EFBC}") = "Triage.Domain", "src\Modules\Triage\Triage.Domain\Triage.Domain.csproj", "{8C3CB7B0-5441-4E65-9A15-43F45136B528}"
EndProject
Project("{2150E333-8FDC-42A3-9474-1A3956D46DE8}") = "Identity", "Identity", "{505777D1-C37C-4044-B47D-F8A601850BE2}"
EndProject
Project("{FAE04EC0-301F-11D3-BF4B-00C04F79EFBC}") = "Identity.Domain", "src\Modules\Identity\Identity.Domain\Identity.Domain.csproj", "{B20405C9-9F4D-42B6-886B-C2F9FDA4EE87}"
EndProject
Project("{FAE04EC0-301F-11D3-BF4B-00C04F79EFBC}") = "Identity.Application", "src\Modules\Identity\Identity.Application\Identity.Application.csproj", "{6F007DB9-F454-47C0-BF3E-10570C7D1843}"
EndProject
Project("{FAE04EC0-301F-11D3-BF4B-00C04F79EFBC}") = "Identity.Contracts", "src\Modules\Identity\Identity.Contracts\Identity.Contracts.csproj", "{B05BE154-078E-4FAA-BFBD-BB384213B78A}"
EndProject
Project("{FAE04EC0-301F-11D3-BF4B-00C04F79EFBC}") = "Identity.Infrastructure", "src\Modules\Identity\Identity.Infrastructure\Identity.Infrastructure.csproj", "{8BCBEDED-17E6-4E0D-85E7-A1D9E799245D}"
EndProject
Project("{2150E333-8FDC-42A3-9474-1A3956D46DE8}") = "Tickets", "Tickets", "{ECC2F6F3-60E9-43A4-883C-D634EE30C832}"
EndProject
Project("{FAE04EC0-301F-11D3-BF4B-00C04F79EFBC}") = "Tickets.Infrastructure", "src\Modules\Tickets\Tickets.Infrastructure\Tickets.Infrastructure.csproj", "{8C85056E-5123-4E80-A96F-383399D82C3D}"
EndProject
Project("{FAE04EC0-301F-11D3-BF4B-00C04F79EFBC}") = "Tickets.Domain", "src\Modules\Tickets\Tickets.Domain\Tickets.Domain.csproj", "{EE8C78AF-8507-44C2-9BFE-9B3B0C54B4F4}"
EndProject
Project("{FAE04EC0-301F-11D3-BF4B-00C04F79EFBC}") = "Tickets.Application", "src\Modules\Tickets\Tickets.Application\Tickets.Application.csproj", "{74C19B7E-52C1-4899-BE62-C318F8AA7B6A}"
EndProject
Project("{FAE04EC0-301F-11D3-BF4B-00C04F79EFBC}") = "Tickets.Contracts", "src\Modules\Tickets\Tickets.Contracts\Tickets.Contracts.csproj", "{E525A13D-1561-4AD0-A386-C843A09C02D3}"
EndProject
Project("{FAE04EC0-301F-11D3-BF4B-00C04F79EFBC}") = "Host", "src\Host\Host.csproj", "{8AF9E82F-7FA0-4E2B-84A2-507B399F9D80}"
EndProject
Project("{2150E333-8FDC-42A3-9474-1A3956D46DE8}") = "Shared", "Shared", "{EF61588C-E17B-473F-889D-9B7B8B4F048B}"
EndProject
Project("{FAE04EC0-301F-11D3-BF4B-00C04F79EFBC}") = "Shared.Abstractions", "src\Shared\Shared.Abstractions\Shared.Abstractions.csproj", "{784FABA8-13F3-4896-A997-8B9D5C2DBA3A}"
EndProject
Project("{FAE04EC0-301F-11D3-BF4B-00C04F79EFBC}") = "Shared.Kernel", "src\Shared\Shared.Kernel\Shared.Kernel.csproj", "{07B1F361-1297-4951-94B7-D3479BE75296}"
EndProject
Project("{FAE04EC0-301F-11D3-BF4B-00C04F79EFBC}") = "Shared.Infrastructure", "src\Shared\Shared.Infrastructure\Shared.Infrastructure.csproj", "{0018539E-BF86-4CAB-8780-56C85BA048F1}"
EndProject
Project("{2150E333-8FDC-42A3-9474-1A3956D46DE8}") = "tests", "tests", "{DA055498-2E6D-488D-8E09-075A162FCCFB}"
EndProject
Project("{FAE04EC0-301F-11D3-BF4B-00C04F79EFBC}") = "ArchitectureTests", "tests\ArchitectureTests\ArchitectureTests.csproj", "{5CF1F6AF-301D-4DB5-B879-8B36E38CF043}"
EndProject
Project("{2150E333-8FDC-42A3-9474-1A3956D46DE8}") = "IntegrationTests", "IntegrationTests", "{DBFFF53A-985D-4618-85CE-ADD27106F9CF}"
EndProject
Project("{FAE04EC0-301F-11D3-BF4B-00C04F79EFBC}") = "Tickets.IntegrationTests", "tests\IntegrationTests\Tickets.IntegrationTests\Tickets.IntegrationTests.csproj", "{85C1A3E5-704F-49EE-A49D-07ECB77B7EAD}"
EndProject
Project("{2150E333-8FDC-42A3-9474-1A3956D46DE8}") = "UnitTests", "UnitTests", "{7BBB7BFD-422C-4113-A524-17C4B6C9EEEA}"
EndProject
Project("{FAE04EC0-301F-11D3-BF4B-00C04F79EFBC}") = "Identity.Tests", "tests\UnitTests\Identity.Tests\Identity.Tests.csproj", "{255A6326-8AAF-4B57-A82F-E779E2433E59}"
EndProject
Project("{FAE04EC0-301F-11D3-BF4B-00C04F79EFBC}") = "Triage.Tests", "tests\UnitTests\Triage.Tests\Triage.Tests.csproj", "{1EF36CA0-78D9-4505-A672-30DF6AA95C77}"
EndProject
Project("{FAE04EC0-301F-11D3-BF4B-00C04F79EFBC}") = "Tickets.Tests", "tests\UnitTests\Tickets.Tests\Tickets.Tests.csproj", "{779CFAA0-6B77-4360-849D-83AE7873FB99}"
EndProject
Project("{2150E333-8FDC-42A3-9474-1A3956D46DE8}") = "Notifications", "Notifications", "{FB06D16F-53FE-4ADD-B59D-279B59FD9E5E}"
EndProject
Project("{FAE04EC0-301F-11D3-BF4B-00C04F79EFBC}") = "Notifications.Contracts", "src\Modules\Notifications\Notifications.Contracts\Notifications.Contracts.csproj", "{FC2F20AC-2255-4136-8131-B40144CEA51E}"
EndProject
Project("{FAE04EC0-301F-11D3-BF4B-00C04F79EFBC}") = "Notifications.Infrastructure", "src\Modules\Notifications\Notifications.Infrastructure\Notifications.Infrastructure.csproj", "{5809A660-36F4-43D2-9C15-ACB9CC6812AA}"
EndProject
Project("{FAE04EC0-301F-11D3-BF4B-00C04F79EFBC}") = "Notifications.Application", "src\Modules\Notifications\Notifications.Application\Notifications.Application.csproj", "{8BD45605-3774-4173-B967-EAE27698CD32}"
EndProject
Project("{FAE04EC0-301F-11D3-BF4B-00C04F79EFBC}") = "Notifications.Domain", "src\Modules\Notifications\Notifications.Domain\Notifications.Domain.csproj", "{9BC68853-46D6-4296-BAA5-9676085711F7}"
EndProject
Project("{2150E333-8FDC-42A3-9474-1A3956D46DE8}") = "Reporting", "Reporting", "{C0595902-3644-43D1-828D-E1775FE00F59}"
EndProject
Project("{FAE04EC0-301F-11D3-BF4B-00C04F79EFBC}") = "Reporting.Infrastructure", "src\Modules\Reporting\Reporting.Infrastructure\Reporting.Infrastructure.csproj", "{210FD55F-F0D9-42F6-A59B-0F330955330A}"
EndProject
Project("{FAE04EC0-301F-11D3-BF4B-00C04F79EFBC}") = "Reporting.Application", "src\Modules\Reporting\Reporting.Application\Reporting.Application.csproj", "{D0918F4A-4137-410A-8102-7C686A8769FD}"
EndProject
Project("{FAE04EC0-301F-11D3-BF4B-00C04F79EFBC}") = "Reporting.Domain", "src\Modules\Reporting\Reporting.Domain\Reporting.Domain.csproj", "{E2DE6B9F-55CA-46A7-85B9-A1E4439E9948}"
EndProject
Project("{FAE04EC0-301F-11D3-BF4B-00C04F79EFBC}") = "Reporting.Contracts", "src\Modules\Reporting\Reporting.Contracts\Reporting.Contracts.csproj", "{99D19119-4459-4C4B-846C-411FD4A8E262}"
EndProject
Project("{FAE04EC0-301F-11D3-BF4B-00C04F79EFBC}") = "Notifications.Tests", "tests\UnitTests\Notifications.Tests\Notifications.Tests.csproj", "{16F27AE6-487E-48E4-A69E-1418499B852A}"
EndProject
Project("{FAE04EC0-301F-11D3-BF4B-00C04F79EFBC}") = "Reporting.Tests", "tests\UnitTests\Reporting.Tests\Reporting.Tests.csproj", "{5D151E8E-1730-4AA6-B21F-D48809DF9A4E}"
EndProject
Project("{2150E333-8FDC-42A3-9474-1A3956D46DE8}") = "TriageService", "TriageService", "{824942D7-8A27-403E-BFD3-539495C159FA}"
EndProject
Project("{FAE04EC0-301F-11D3-BF4B-00C04F79EFBC}") = "TriageService.Host", "src\TriageService\TriageService.Host\TriageService.Host.csproj", "{2209BC8F-3596-41E3-B434-179D907E81DC}"
EndProject
Project("{2150E333-8FDC-42A3-9474-1A3956D46DE8}") = "tools", "tools", "{873F4AA6-E0D3-4439-8E7B-2CD70DB1D4BD}"
EndProject
Project("{FAE04EC0-301F-11D3-BF4B-00C04F79EFBC}") = "Triage.Eval", "tools\Triage.Eval\Triage.Eval.csproj", "{1355A8BD-D39D-49C9-B8A7-D957F077FFAC}"
EndProject
Project("{FAE04EC0-301F-11D3-BF4B-00C04F79EFBC}") = "Triage.Eval.Tests", "tests\UnitTests\Triage.Eval.Tests\Triage.Eval.Tests.csproj", "{74E5D120-42F7-4568-B545-FB57792982A6}"
EndProject
Project("{FAE04EC0-301F-11D3-BF4B-00C04F79EFBC}") = "Shared.Infrastructure.Tests", "tests\UnitTests\Shared.Infrastructure.Tests\Shared.Infrastructure.Tests.csproj", "{37357196-AA6C-4FC5-81CA-170D0794D625}"
EndProject
Global
	GlobalSection(SolutionConfigurationPlatforms) = preSolution
		Debug|Any CPU = Debug|Any CPU
		Release|Any CPU = Release|Any CPU
	EndGlobalSection
	GlobalSection(SolutionProperties) = preSolution
		HideSolutionNode = FALSE
	EndGlobalSection
	GlobalSection(ProjectConfigurationPlatforms) = postSolution
		{54D58C7D-8B4A-42E1-9783-2389C8EA7B34}.Debug|Any CPU.ActiveCfg = Debug|Any CPU
		{54D58C7D-8B4A-42E1-9783-2389C8EA7B34}.Debug|Any CPU.Build.0 = Debug|Any CPU
		{54D58C7D-8B4A-42E1-9783-2389C8EA7B34}.Release|Any CPU.ActiveCfg = Release|Any CPU
		{54D58C7D-8B4A-42E1-9783-2389C8EA7B34}.Release|Any CPU.Build.0 = Release|Any CPU
		{662355E0-65A6-42B8-BFAD-5A45104A0998}.Debug|Any CPU.ActiveCfg = Debug|Any CPU
		{662355E0-65A6-42B8-BFAD-5A45104A0998}.Debug|Any CPU.Build.0 = Debug|Any CPU
		{662355E0-65A6-42B8-BFAD-5A45104A0998}.Release|Any CPU.ActiveCfg = Release|Any CPU
		{662355E0-65A6-42B8-BFAD-5A45104A0998}.Release|Any CPU.Build.0 = Release|Any CPU
		{844AE2B4-EC14-46CF-A1A9-79C2B4A87F38}.Debug|Any CPU.ActiveCfg = Debug|Any CPU
		{844AE2B4-EC14-46CF-A1A9-79C2B4A87F38}.Debug|Any CPU.Build.0 = Debug|Any CPU
		{844AE2B4-EC14-46CF-A1A9-79C2B4A87F38}.Release|Any CPU.ActiveCfg = Release|Any CPU
		{844AE2B4-EC14-46CF-A1A9-79C2B4A87F38}.Release|Any CPU.Build.0 = Release|Any CPU
		{8C3CB7B0-5441-4E65-9A15-43F45136B528}.Debug|Any CPU.ActiveCfg = Debug|Any CPU
		{8C3CB7B0-5441-4E65-9A15-43F45136B528}.Debug|Any CPU.Build.0 = Debug|Any CPU
		{8C3CB7B0-5441-4E65-9A15-43F45136B528}.Release|Any CPU.ActiveCfg = Release|Any CPU
		{8C3CB7B0-5441-4E65-9A15-43F45136B528}.Release|Any CPU.Build.0 = Release|Any CPU
		{B20405C9-9F4D-42B6-886B-C2F9FDA4EE87}.Debug|Any CPU.ActiveCfg = Debug|Any CPU
		{B20405C9-9F4D-42B6-886B-C2F9FDA4EE87}.Debug|Any CPU.Build.0 = Debug|Any CPU
		{B20405C9-9F4D-42B6-886B-C2F9FDA4EE87}.Release|Any CPU.ActiveCfg = Release|Any CPU
		{B20405C9-9F4D-42B6-886B-C2F9FDA4EE87}.Release|Any CPU.Build.0 = Release|Any CPU
		{6F007DB9-F454-47C0-BF3E-10570C7D1843}.Debug|Any CPU.ActiveCfg = Debug|Any CPU
		{6F007DB9-F454-47C0-BF3E-10570C7D1843}.Debug|Any CPU.Build.0 = Debug|Any CPU
		{6F007DB9-F454-47C0-BF3E-10570C7D1843}.Release|Any CPU.ActiveCfg = Release|Any CPU
		{6F007DB9-F454-47C0-BF3E-10570C7D1843}.Release|Any CPU.Build.0 = Release|Any CPU
		{B05BE154-078E-4FAA-BFBD-BB384213B78A}.Debug|Any CPU.ActiveCfg = Debug|Any CPU
		{B05BE154-078E-4FAA-BFBD-BB384213B78A}.Debug|Any CPU.Build.0 = Debug|Any CPU
		{B05BE154-078E-4FAA-BFBD-BB384213B78A}.Release|Any CPU.ActiveCfg = Release|Any CPU
		{B05BE154-078E-4FAA-BFBD-BB384213B78A}.Release|Any CPU.Build.0 = Release|Any CPU
		{8BCBEDED-17E6-4E0D-85E7-A1D9E799245D}.Debug|Any CPU.ActiveCfg = Debug|Any CPU
		{8BCBEDED-17E6-4E0D-85E7-A1D9E799245D}.Debug|Any CPU.Build.0 = Debug|Any CPU
		{8BCBEDED-17E6-4E0D-85E7-A1D9E799245D}.Release|Any CPU.ActiveCfg = Release|Any CPU
		{8BCBEDED-17E6-4E0D-85E7-A1D9E799245D}.Release|Any CPU.Build.0 = Release|Any CPU
		{8C85056E-5123-4E80-A96F-383399D82C3D}.Debug|Any CPU.ActiveCfg = Debug|Any CPU
		{8C85056E-5123-4E80-A96F-383399D82C3D}.Debug|Any CPU.Build.0 = Debug|Any CPU
		{8C85056E-5123-4E80-A96F-383399D82C3D}.Release|Any CPU.ActiveCfg = Release|Any CPU
		{8C85056E-5123-4E80-A96F-383399D82C3D}.Release|Any CPU.Build.0 = Release|Any CPU
		{EE8C78AF-8507-44C2-9BFE-9B3B0C54B4F4}.Debug|Any CPU.ActiveCfg = Debug|Any CPU
		{EE8C78AF-8507-44C2-9BFE-9B3B0C54B4F4}.Debug|Any CPU.Build.0 = Debug|Any CPU
		{EE8C78AF-8507-44C2-9BFE-9B3B0C54B4F4}.Release|Any CPU.ActiveCfg = Release|Any CPU
		{EE8C78AF-8507-44C2-9BFE-9B3B0C54B4F4}.Release|Any CPU.Build.0 = Release|Any CPU
		{74C19B7E-52C1-4899-BE62-C318F8AA7B6A}.Debug|Any CPU.ActiveCfg = Debug|Any CPU
		{74C19B7E-52C1-4899-BE62-C318F8AA7B6A}.Debug|Any CPU.Build.0 = Debug|Any CPU
		{74C19B7E-52C1-4899-BE62-C318F8AA7B6A}.Release|Any CPU.ActiveCfg = Release|Any CPU
		{74C19B7E-52C1-4899-BE62-C318F8AA7B6A}.Release|Any CPU.Build.0 = Release|Any CPU
		{E525A13D-1561-4AD0-A386-C843A09C02D3}.Debug|Any CPU.ActiveCfg = Debug|Any CPU
		{E525A13D-1561-4AD0-A386-C843A09C02D3}.Debug|Any CPU.Build.0 = Debug|Any CPU
		{E525A13D-1561-4AD0-A386-C843A09C02D3}.Release|Any CPU.ActiveCfg = Release|Any CPU
		{E525A13D-1561-4AD0-A386-C843A09C02D3}.Release|Any CPU.Build.0 = Release|Any CPU
		{8AF9E82F-7FA0-4E2B-84A2-507B399F9D80}.Debug|Any CPU.ActiveCfg = Debug|Any CPU
		{8AF9E82F-7FA0-4E2B-84A2-507B399F9D80}.Debug|Any CPU.Build.0 = Debug|Any CPU
		{8AF9E82F-7FA0-4E2B-84A2-507B399F9D80}.Release|Any CPU.ActiveCfg = Release|Any CPU
		{8AF9E82F-7FA0-4E2B-84A2-507B399F9D80}.Release|Any CPU.Build.0 = Release|Any CPU
		{784FABA8-13F3-4896-A997-8B9D5C2DBA3A}.Debug|Any CPU.ActiveCfg = Debug|Any CPU
		{784FABA8-13F3-4896-A997-8B9D5C2DBA3A}.Debug|Any CPU.Build.0 = Debug|Any CPU
		{784FABA8-13F3-4896-A997-8B9D5C2DBA3A}.Release|Any CPU.ActiveCfg = Release|Any CPU
		{784FABA8-13F3-4896-A997-8B9D5C2DBA3A}.Release|Any CPU.Build.0 = Release|Any CPU
		{07B1F361-1297-4951-94B7-D3479BE75296}.Debug|Any CPU.ActiveCfg = Debug|Any CPU
		{07B1F361-1297-4951-94B7-D3479BE75296}.Debug|Any CPU.Build.0 = Debug|Any CPU
		{07B1F361-1297-4951-94B7-D3479BE75296}.Release|Any CPU.ActiveCfg = Release|Any CPU
		{07B1F361-1297-4951-94B7-D3479BE75296}.Release|Any CPU.Build.0 = Release|Any CPU
		{0018539E-BF86-4CAB-8780-56C85BA048F1}.Debug|Any CPU.ActiveCfg = Debug|Any CPU
		{0018539E-BF86-4CAB-8780-56C85BA048F1}.Debug|Any CPU.Build.0 = Debug|Any CPU
		{0018539E-BF86-4CAB-8780-56C85BA048F1}.Release|Any CPU.ActiveCfg = Release|Any CPU
		{0018539E-BF86-4CAB-8780-56C85BA048F1}.Release|Any CPU.Build.0 = Release|Any CPU
		{5CF1F6AF-301D-4DB5-B879-8B36E38CF043}.Debug|Any CPU.ActiveCfg = Debug|Any CPU
		{5CF1F6AF-301D-4DB5-B879-8B36E38CF043}.Debug|Any CPU.Build.0 = Debug|Any CPU
		{5CF1F6AF-301D-4DB5-B879-8B36E38CF043}.Release|Any CPU.ActiveCfg = Release|Any CPU
		{5CF1F6AF-301D-4DB5-B879-8B36E38CF043}.Release|Any CPU.Build.0 = Release|Any CPU
		{85C1A3E5-704F-49EE-A49D-07ECB77B7EAD}.Debug|Any CPU.ActiveCfg = Debug|Any CPU
		{85C1A3E5-704F-49EE-A49D-07ECB77B7EAD}.Debug|Any CPU.Build.0 = Debug|Any CPU
		{85C1A3E5-704F-49EE-A49D-07ECB77B7EAD}.Release|Any CPU.ActiveCfg = Release|Any CPU
		{85C1A3E5-704F-49EE-A49D-07ECB77B7EAD}.Release|Any CPU.Build.0 = Release|Any CPU
		{255A6326-8AAF-4B57-A82F-E779E2433E59}.Debug|Any CPU.ActiveCfg = Debug|Any CPU
		{255A6326-8AAF-4B57-A82F-E779E2433E59}.Debug|Any CPU.Build.0 = Debug|Any CPU
		{255A6326-8AAF-4B57-A82F-E779E2433E59}.Release|Any CPU.ActiveCfg = Release|Any CPU
		{255A6326-8AAF-4B57-A82F-E779E2433E59}.Release|Any CPU.Build.0 = Release|Any CPU
		{1EF36CA0-78D9-4505-A672-30DF6AA95C77}.Debug|Any CPU.ActiveCfg = Debug|Any CPU
		{1EF36CA0-78D9-4505-A672-30DF6AA95C77}.Debug|Any CPU.Build.0 = Debug|Any CPU
		{1EF36CA0-78D9-4505-A672-30DF6AA95C77}.Release|Any CPU.ActiveCfg = Release|Any CPU
		{1EF36CA0-78D9-4505-A672-30DF6AA95C77}.Release|Any CPU.Build.0 = Release|Any CPU
		{779CFAA0-6B77-4360-849D-83AE7873FB99}.Debug|Any CPU.ActiveCfg = Debug|Any CPU
		{779CFAA0-6B77-4360-849D-83AE7873FB99}.Debug|Any CPU.Build.0 = Debug|Any CPU
		{779CFAA0-6B77-4360-849D-83AE7873FB99}.Release|Any CPU.ActiveCfg = Release|Any CPU
		{779CFAA0-6B77-4360-849D-83AE7873FB99}.Release|Any CPU.Build.0 = Release|Any CPU
		{FC2F20AC-2255-4136-8131-B40144CEA51E}.Debug|Any CPU.ActiveCfg = Debug|Any CPU
		{FC2F20AC-2255-4136-8131-B40144CEA51E}.Debug|Any CPU.Build.0 = Debug|Any CPU
		{FC2F20AC-2255-4136-8131-B40144CEA51E}.Release|Any CPU.ActiveCfg = Release|Any CPU
		{FC2F20AC-2255-4136-8131-B40144CEA51E}.Release|Any CPU.Build.0 = Release|Any CPU
		{5809A660-36F4-43D2-9C15-ACB9CC6812AA}.Debug|Any CPU.ActiveCfg = Debug|Any CPU
		{5809A660-36F4-43D2-9C15-ACB9CC6812AA}.Debug|Any CPU.Build.0 = Debug|Any CPU
		{5809A660-36F4-43D2-9C15-ACB9CC6812AA}.Release|Any CPU.ActiveCfg = Release|Any CPU
		{5809A660-36F4-43D2-9C15-ACB9CC6812AA}.Release|Any CPU.Build.0 = Release|Any CPU
		{8BD45605-3774-4173-B967-EAE27698CD32}.Debug|Any CPU.ActiveCfg = Debug|Any CPU
		{8BD45605-3774-4173-B967-EAE27698CD32}.Debug|Any CPU.Build.0 = Debug|Any CPU
		{8BD45605-3774-4173-B967-EAE27698CD32}.Release|Any CPU.ActiveCfg = Release|Any CPU
		{8BD45605-3774-4173-B967-EAE27698CD32}.Release|Any CPU.Build.0 = Release|Any CPU
		{9BC68853-46D6-4296-BAA5-9676085711F7}.Debug|Any CPU.ActiveCfg = Debug|Any CPU
		{9BC68853-46D6-4296-BAA5-9676085711F7}.Debug|Any CPU.Build.0 = Debug|Any CPU
		{9BC68853-46D6-4296-BAA5-9676085711F7}.Release|Any CPU.ActiveCfg = Release|Any CPU
		{9BC68853-46D6-4296-BAA5-9676085711F7}.Release|Any CPU.Build.0 = Release|Any CPU
		{210FD55F-F0D9-42F6-A59B-0F330955330A}.Debug|Any CPU.ActiveCfg = Debug|Any CPU
		{210FD55F-F0D9-42F6-A59B-0F330955330A}.Debug|Any CPU.Build.0 = Debug|Any CPU
		{210FD55F-F0D9-42F6-A59B-0F330955330A}.Release|Any CPU.ActiveCfg = Release|Any CPU
		{210FD55F-F0D9-42F6-A59B-0F330955330A}.Release|Any CPU.Build.0 = Release|Any CPU
		{D0918F4A-4137-410A-8102-7C686A8769FD}.Debug|Any CPU.ActiveCfg = Debug|Any CPU
		{D0918F4A-4137-410A-8102-7C686A8769FD}.Debug|Any CPU.Build.0 = Debug|Any CPU
		{D0918F4A-4137-410A-8102-7C686A8769FD}.Release|Any CPU.ActiveCfg = Release|Any CPU
		{D0918F4A-4137-410A-8102-7C686A8769FD}.Release|Any CPU.Build.0 = Release|Any CPU
		{E2DE6B9F-55CA-46A7-85B9-A1E4439E9948}.Debug|Any CPU.ActiveCfg = Debug|Any CPU
		{E2DE6B9F-55CA-46A7-85B9-A1E4439E9948}.Debug|Any CPU.Build.0 = Debug|Any CPU
		{E2DE6B9F-55CA-46A7-85B9-A1E4439E9948}.Release|Any CPU.ActiveCfg = Release|Any CPU
		{E2DE6B9F-55CA-46A7-85B9-A1E4439E9948}.Release|Any CPU.Build.0 = Release|Any CPU
		{99D19119-4459-4C4B-846C-411FD4A8E262}.Debug|Any CPU.ActiveCfg = Debug|Any CPU
		{99D19119-4459-4C4B-846C-411FD4A8E262}.Debug|Any CPU.Build.0 = Debug|Any CPU
		{99D19119-4459-4C4B-846C-411FD4A8E262}.Release|Any CPU.ActiveCfg = Release|Any CPU
		{99D19119-4459-4C4B-846C-411FD4A8E262}.Release|Any CPU.Build.0 = Release|Any CPU
		{16F27AE6-487E-48E4-A69E-1418499B852A}.Debug|Any CPU.ActiveCfg = Debug|Any CPU
		{16F27AE6-487E-48E4-A69E-1418499B852A}.Debug|Any CPU.Build.0 = Debug|Any CPU
		{16F27AE6-487E-48E4-A69E-1418499B852A}.Release|Any CPU.ActiveCfg = Release|Any CPU
		{16F27AE6-487E-48E4-A69E-1418499B852A}.Release|Any CPU.Build.0 = Release|Any CPU
		{5D151E8E-1730-4AA6-B21F-D48809DF9A4E}.Debug|Any CPU.ActiveCfg = Debug|Any CPU
		{5D151E8E-1730-4AA6-B21F-D48809DF9A4E}.Debug|Any CPU.Build.0 = Debug|Any CPU
		{5D151E8E-1730-4AA6-B21F-D48809DF9A4E}.Release|Any CPU.ActiveCfg = Release|Any CPU
		{5D151E8E-1730-4AA6-B21F-D48809DF9A4E}.Release|Any CPU.Build.0 = Release|Any CPU
		{2209BC8F-3596-41E3-B434-179D907E81DC}.Debug|Any CPU.ActiveCfg = Debug|Any CPU
		{2209BC8F-3596-41E3-B434-179D907E81DC}.Debug|Any CPU.Build.0 = Debug|Any CPU
		{2209BC8F-3596-41E3-B434-179D907E81DC}.Release|Any CPU.ActiveCfg = Release|Any CPU
		{2209BC8F-3596-41E3-B434-179D907E81DC}.Release|Any CPU.Build.0 = Release|Any CPU
		{1355A8BD-D39D-49C9-B8A7-D957F077FFAC}.Debug|Any CPU.ActiveCfg = Debug|Any CPU
		{1355A8BD-D39D-49C9-B8A7-D957F077FFAC}.Debug|Any CPU.Build.0 = Debug|Any CPU
		{1355A8BD-D39D-49C9-B8A7-D957F077FFAC}.Release|Any CPU.ActiveCfg = Release|Any CPU
		{1355A8BD-D39D-49C9-B8A7-D957F077FFAC}.Release|Any CPU.Build.0 = Release|Any CPU
		{74E5D120-42F7-4568-B545-FB57792982A6}.Debug|Any CPU.ActiveCfg = Debug|Any CPU
		{74E5D120-42F7-4568-B545-FB57792982A6}.Debug|Any CPU.Build.0 = Debug|Any CPU
		{74E5D120-42F7-4568-B545-FB57792982A6}.Release|Any CPU.ActiveCfg = Release|Any CPU
		{74E5D120-42F7-4568-B545-FB57792982A6}.Release|Any CPU.Build.0 = Release|Any CPU
		{37357196-AA6C-4FC5-81CA-170D0794D625}.Debug|Any CPU.ActiveCfg = Debug|Any CPU
		{37357196-AA6C-4FC5-81CA-170D0794D625}.Debug|Any CPU.Build.0 = Debug|Any CPU
		{37357196-AA6C-4FC5-81CA-170D0794D625}.Release|Any CPU.ActiveCfg = Release|Any CPU
		{37357196-AA6C-4FC5-81CA-170D0794D625}.Release|Any CPU.Build.0 = Release|Any CPU
	EndGlobalSection
	GlobalSection(NestedProjects) = preSolution
		{02004DC8-033F-4A5A-B108-11297D5F10EF} = {48B250E3-DFDB-4282-A543-F96E7C097AA5}
		{D89C7AA6-142E-40C3-A4DD-2BFA5A842CA2} = {02004DC8-033F-4A5A-B108-11297D5F10EF}
		{54D58C7D-8B4A-42E1-9783-2389C8EA7B34} = {D89C7AA6-142E-40C3-A4DD-2BFA5A842CA2}
		{662355E0-65A6-42B8-BFAD-5A45104A0998} = {D89C7AA6-142E-40C3-A4DD-2BFA5A842CA2}
		{844AE2B4-EC14-46CF-A1A9-79C2B4A87F38} = {D89C7AA6-142E-40C3-A4DD-2BFA5A842CA2}
		{8C3CB7B0-5441-4E65-9A15-43F45136B528} = {D89C7AA6-142E-40C3-A4DD-2BFA5A842CA2}
		{505777D1-C37C-4044-B47D-F8A601850BE2} = {02004DC8-033F-4A5A-B108-11297D5F10EF}
		{B20405C9-9F4D-42B6-886B-C2F9FDA4EE87} = {505777D1-C37C-4044-B47D-F8A601850BE2}
		{6F007DB9-F454-47C0-BF3E-10570C7D1843} = {505777D1-C37C-4044-B47D-F8A601850BE2}
		{B05BE154-078E-4FAA-BFBD-BB384213B78A} = {505777D1-C37C-4044-B47D-F8A601850BE2}
		{8BCBEDED-17E6-4E0D-85E7-A1D9E799245D} = {505777D1-C37C-4044-B47D-F8A601850BE2}
		{ECC2F6F3-60E9-43A4-883C-D634EE30C832} = {02004DC8-033F-4A5A-B108-11297D5F10EF}
		{8C85056E-5123-4E80-A96F-383399D82C3D} = {ECC2F6F3-60E9-43A4-883C-D634EE30C832}
		{EE8C78AF-8507-44C2-9BFE-9B3B0C54B4F4} = {ECC2F6F3-60E9-43A4-883C-D634EE30C832}
		{74C19B7E-52C1-4899-BE62-C318F8AA7B6A} = {ECC2F6F3-60E9-43A4-883C-D634EE30C832}
		{E525A13D-1561-4AD0-A386-C843A09C02D3} = {ECC2F6F3-60E9-43A4-883C-D634EE30C832}
		{8AF9E82F-7FA0-4E2B-84A2-507B399F9D80} = {48B250E3-DFDB-4282-A543-F96E7C097AA5}
		{EF61588C-E17B-473F-889D-9B7B8B4F048B} = {48B250E3-DFDB-4282-A543-F96E7C097AA5}
		{784FABA8-13F3-4896-A997-8B9D5C2DBA3A} = {EF61588C-E17B-473F-889D-9B7B8B4F048B}
		{07B1F361-1297-4951-94B7-D3479BE75296} = {EF61588C-E17B-473F-889D-9B7B8B4F048B}
		{0018539E-BF86-4CAB-8780-56C85BA048F1} = {EF61588C-E17B-473F-889D-9B7B8B4F048B}
		{5CF1F6AF-301D-4DB5-B879-8B36E38CF043} = {DA055498-2E6D-488D-8E09-075A162FCCFB}
		{DBFFF53A-985D-4618-85CE-ADD27106F9CF} = {DA055498-2E6D-488D-8E09-075A162FCCFB}
		{85C1A3E5-704F-49EE-A49D-07ECB77B7EAD} = {DBFFF53A-985D-4618-85CE-ADD27106F9CF}
		{7BBB7BFD-422C-4113-A524-17C4B6C9EEEA} = {DA055498-2E6D-488D-8E09-075A162FCCFB}
		{255A6326-8AAF-4B57-A82F-E779E2433E59} = {7BBB7BFD-422C-4113-A524-17C4B6C9EEEA}
		{1EF36CA0-78D9-4505-A672-30DF6AA95C77} = {7BBB7BFD-422C-4113-A524-17C4B6C9EEEA}
		{779CFAA0-6B77-4360-849D-83AE7873FB99} = {7BBB7BFD-422C-4113-A524-17C4B6C9EEEA}
		{FB06D16F-53FE-4ADD-B59D-279B59FD9E5E} = {02004DC8-033F-4A5A-B108-11297D5F10EF}
		{FC2F20AC-2255-4136-8131-B40144CEA51E} = {FB06D16F-53FE-4ADD-B59D-279B59FD9E5E}
		{5809A660-36F4-43D2-9C15-ACB9CC6812AA} = {FB06D16F-53FE-4ADD-B59D-279B59FD9E5E}
		{8BD45605-3774-4173-B967-EAE27698CD32} = {FB06D16F-53FE-4ADD-B59D-279B59FD9E5E}
		{9BC68853-46D6-4296-BAA5-9676085711F7} = {FB06D16F-53FE-4ADD-B59D-279B59FD9E5E}
		{C0595902-3644-43D1-828D-E1775FE00F59} = {02004DC8-033F-4A5A-B108-11297D5F10EF}
		{210FD55F-F0D9-42F6-A59B-0F330955330A} = {C0595902-3644-43D1-828D-E1775FE00F59}
		{D0918F4A-4137-410A-8102-7C686A8769FD} = {C0595902-3644-43D1-828D-E1775FE00F59}
		{E2DE6B9F-55CA-46A7-85B9-A1E4439E9948} = {C0595902-3644-43D1-828D-E1775FE00F59}
		{99D19119-4459-4C4B-846C-411FD4A8E262} = {C0595902-3644-43D1-828D-E1775FE00F59}
		{16F27AE6-487E-48E4-A69E-1418499B852A} = {7BBB7BFD-422C-4113-A524-17C4B6C9EEEA}
		{5D151E8E-1730-4AA6-B21F-D48809DF9A4E} = {7BBB7BFD-422C-4113-A524-17C4B6C9EEEA}
		{824942D7-8A27-403E-BFD3-539495C159FA} = {48B250E3-DFDB-4282-A543-F96E7C097AA5}
		{2209BC8F-3596-41E3-B434-179D907E81DC} = {824942D7-8A27-403E-BFD3-539495C159FA}
		{1355A8BD-D39D-49C9-B8A7-D957F077FFAC} = {873F4AA6-E0D3-4439-8E7B-2CD70DB1D4BD}
		{74E5D120-42F7-4568-B545-FB57792982A6} = {7BBB7BFD-422C-4113-A524-17C4B6C9EEEA}
		{37357196-AA6C-4FC5-81CA-170D0794D625} = {7BBB7BFD-422C-4113-A524-17C4B6C9EEEA}
	EndGlobalSection
EndGlobal
